<Solution>
  <Folder Name="/Solution Items/">
    <File Path=".env.example" />
    <File Path="Directory.Build.props" />
    <File Path="Directory.Packages.props" />
    <File Path="docker-compose.yml" />
    <File Path="global.json" />
    <File Path="README.md" />
    <File Path="SECURITY-ACCEPTANCE.md" />
  </Folder>
  <Folder Name="/src/">
    <Project Path="src/RRHH.Api/RRHH.Api.csproj" />
    <Project Path="src/RRHH.Application/RRHH.Application.csproj" />
    <Project Path="src/RRHH.Domain/RRHH.Domain.csproj" />
    <Project Path="src/RRHH.Infrastructure/RRHH.Infrastructure.csproj" />
  </Folder>
  <Folder Name="/tests/">
    <Project Path="tests/RRHH.Api.IntegrationTests/RRHH.Api.IntegrationTests.csproj" />
    <Project Path="tests/RRHH.Application.Tests/RRHH.Application.Tests.csproj" />
    <Project Path="tests/RRHH.Domain.Tests/RRHH.Domain.Tests.csproj" />
  </Folder>
</Solution>
